Microsoft Visual Studio Solution File, Format Version 12.00
# Visual Studio Version 17
VisualStudioVersion = 17.5.2.0
MinimumVisualStudioVersion = 10.0.40219.1
Project("{2150E333-8FDC-42A3-9474-1A3956D46DE8}") = "UniversalFeeder.EspIdf", "UniversalFeeder.EspIdf", "{4CCFB5C1-A245-4F79-AF40-297649AA6FDB}"
	ProjectSection(SolutionItems) = preProject
		src\Firmware\UniversalFeeder.EspIdf\CMakeLists.txt = src\Firmware\UniversalFeeder.EspIdf\CMakeLists.txt
		src\Firmware\UniversalFeeder.EspIdf\README.md = src\Firmware\UniversalFeeder.EspIdf\README.md
		src\Firmware\UniversalFeeder.EspIdf\docs\contracts.md = src\Firmware\UniversalFeeder.EspIdf\docs\contracts.md
		src\Firmware\UniversalFeeder.EspIdf\main\app_main.c = src\Firmware\UniversalFeeder.EspIdf\main\app_main.c
		src\Firmware\UniversalFeeder.EspIdf\main\ble_provisioning.c = src\Firmware\UniversalFeeder.EspIdf\main\ble_provisioning.c
		src\Firmware\UniversalFeeder.EspIdf\main\CMakeLists.txt = src\Firmware\UniversalFeeder.EspIdf\main\CMakeLists.txt
		src\Firmware\UniversalFeeder.EspIdf\main\include\app_config.h = src\Firmware\UniversalFeeder.EspIdf\main\include\app_config.h
		src\Firmware\UniversalFeeder.EspIdf\main\include\ble_provisioning.h = src\Firmware\UniversalFeeder.EspIdf\main\include\ble_provisioning.h
		src\Firmware\UniversalFeeder.EspIdf\main\include\provisioning_store.h = src\Firmware\UniversalFeeder.EspIdf\main\include\provisioning_store.h
		src\Firmware\UniversalFeeder.EspIdf\main\include\wifi_manager.h = src\Firmware\UniversalFeeder.EspIdf\main\include\wifi_manager.h
		src\Firmware\UniversalFeeder.EspIdf\main\provisioning_store.c = src\Firmware\UniversalFeeder.EspIdf\main\provisioning_store.c
		src\Firmware\UniversalFeeder.EspIdf\main\wifi_manager.c = src\Firmware\UniversalFeeder.EspIdf\main\wifi_manager.c
		src\Firmware\UniversalFeeder.EspIdf\sdkconfig.defaults = src\Firmware\UniversalFeeder.EspIdf\sdkconfig.defaults
	EndProjectSection
EndProject
Global
	GlobalSection(SolutionConfigurationPlatforms) = preSolution
		Debug|Any CPU = Debug|Any CPU
		Release|Any CPU = Release|Any CPU
	EndGlobalSection
	GlobalSection(SolutionProperties) = preSolution
		HideSolutionNode = FALSE
	EndGlobalSection
	GlobalSection(ExtensibilityGlobals) = postSolution
		SolutionGuid = {E69C25D8-E0E1-4D19-9FD7-9F8144C177AD}
	EndGlobalSection
EndGlobal
